
Microsoft Visual Studio Solution File, Format Version 12.00
# Visual Studio 15
VisualStudioVersion = 15.0.28307.1684
MinimumVisualStudioVersion = 10.0.40219.1
Project("{8BC9CEB8-8B4A-11D0-8D11-00A0C91BC942}") = "Project1", "Project1\Project1.vcxproj", "{2BEA2A69-8900-4379-A4D7-6A366F311FF5}"
EndProject
Global
	GlobalSection(SolutionConfigurationPlatforms) = preSolution
		Debug|x64 = Debug|x64
		Debug|x86 = Debug|x86
		Release|x64 = Release|x64
		Release|x86 = Release|x86
	EndGlobalSection
	GlobalSection(ProjectConfigurationPlatforms) = postSolution
		{2BEA2A69-8900-4379-A4D7-6A366F311FF5}.Debug|x64.ActiveCfg = Debug|x64
		{2BEA2A69-8900-4379-A4D7-6A366F311FF5}.Debug|x64.Build.0 = Debug|x64
		{2BEA2A69-8900-4379-A4D7-6A366F311FF5}.Debug|x86.ActiveCfg = Debug|Win32
		{2BEA2A69-8900-4379-A4D7-6A366F311FF5}.Debug|x86.Build.0 = Debug|Win32
		{2BEA2A69-8900-4379-A4D7-6A366F311FF5}.Release|x64.ActiveCfg = Release|x64
		{2BEA2A69-8900-4379-A4D7-6A366F311FF5}.Release|x64.Build.0 = Release|x64
		{2BEA2A69-8900-4379-A4D7-6A366F311FF5}.Release|x86.ActiveCfg = Release|Win32
		{2BEA2A69-8900-4379-A4D7-6A366F311FF5}.Release|x86.Build.0 = Release|Win32
	EndGlobalSection
	GlobalSection(SolutionProperties) = preSolution
		HideSolutionNode = FALSE
	EndGlobalSection
	GlobalSection(ExtensibilityGlobals) = postSolution
		SolutionGuid = {15CEE3CC-3BD6-4B4D-8E01-371325D0C6ED}
	EndGlobalSection
EndGlobal
